// !$*UTF8*$!
{
	archiveVersion = 1;
	classes = {
	};
	objectVersion = 46;
	objects = {

/* Begin PBXBuildFile section */
		3D07C77A1D6FF08D002CA03A /* UserBean.swift in Sources */ = {isa = PBXBuildFile; fileRef = 3D07C7791D6FF08D002CA03A /* UserBean.swift */; };
		3D11B29D1D7700FC00B4C838 /* MMDrawerController.swift in Sources */ = {isa = PBXBuildFile; fileRef = 3D11B29C1D7700FC00B4C838 /* MMDrawerController.swift */; };
		3DE486F81D65D11000819D04 /* AppDelegate.swift in Sources */ = {isa = PBXBuildFile; fileRef = 3DE486F71D65D11000819D04 /* AppDelegate.swift */; };
		3DE486FA1D65D11000819D04 /* ViewController.swift in Sources */ = {isa = PBXBuildFile; fileRef = 3DE486F91D65D11000819D04 /* ViewController.swift */; };
		3DE486FD1D65D11000819D04 /* Main.storyboard in Resources */ = {isa = PBXBuildFile; fileRef = 3DE486FB1D65D11000819D04 /* Main.storyboard */; };
		3DE486FF1D65D11000819D04 /* Assets.xcassets in Resources */ = {isa = PBXBuildFile; fileRef = 3DE486FE1D65D11000819D04 /* Assets.xcassets */; };
		3DE487021D65D11000819D04 /* LaunchScreen.storyboard in Resources */ = {isa = PBXBuildFile; fileRef = 3DE487001D65D11000819D04 /* LaunchScreen.storyboard */; };
		3DE4870D1D65D11100819D04 /* ____Swift__Tests.swift in Sources */ = {isa = PBXBuildFile; fileRef = 3DE4870C1D65D11100819D04 /* ____Swift__Tests.swift */; };
		3DE487181D65D11100819D04 /* ____Swift__UITests.swift in Sources */ = {isa = PBXBuildFile; fileRef = 3DE487171D65D11100819D04 /* ____Swift__UITests.swift */; };
		3DE4872A1D65D3B000819D04 /* SliderViewController.swift in Sources */ = {isa = PBXBuildFile; fileRef = 3DE487291D65D3B000819D04 /* SliderViewController.swift */; };
		3DE4872C1D65D3EE00819D04 /* MainViewController.swift in Sources */ = {isa = PBXBuildFile; fileRef = 3DE4872B1D65D3EE00819D04 /* MainViewController.swift */; };
		3DE4872E1D65D43100819D04 /* SliderManageController.swift in Sources */ = {isa = PBXBuildFile; fileRef = 3DE4872D1D65D43100819D04 /* SliderManageController.swift */; };
		3DE487301D65DD1000819D04 /* SliderViewController.xib in Resources */ = {isa = PBXBuildFile; fileRef = 3DE4872F1D65DD1000819D04 /* SliderViewController.xib */; };
		3DEF91EB1D6EEF4D006E23F2 /* MacroDefinition.swift in Sources */ = {isa = PBXBuildFile; fileRef = 3DEF91EA1D6EEF4D006E23F2 /* MacroDefinition.swift */; };
		3DEF91EE1D6F13B0006E23F2 /* UIColor+Extension.swift in Sources */ = {isa = PBXBuildFile; fileRef = 3DEF91ED1D6F13B0006E23F2 /* UIColor+Extension.swift */; };
/* End PBXBuildFile section */

/* Begin PBXContainerItemProxy section */
		3DE487091D65D11100819D04 /* PBXContainerItemProxy */ = {
			isa = PBXContainerItemProxy;
			containerPortal = 3DE486EC1D65D11000819D04 /* Project object */;
			proxyType = 1;
			remoteGlobalIDString = 3DE486F31D65D11000819D04;
			remoteInfo = "格斗东西Swift版本";
		};
		3DE487141D65D11100819D04 /* PBXContainerItemProxy */ = {
			isa = PBXContainerItemProxy;
			containerPortal = 3DE486EC1D65D11000819D04 /* Project object */;
			proxyType = 1;
			remoteGlobalIDString = 3DE486F31D65D11000819D04;
			remoteInfo = "格斗东西Swift版本";
		};
/* End PBXContainerItemProxy section */

/* Begin PBXFileReference section */
		3D07C7791D6FF08D002CA03A /* UserBean.swift */ = {isa = PBXFileReference; fileEncoding = 4; lastKnownFileType = sourcecode.swift; path = UserBean.swift; sourceTree = "<group>"; };
		3D11B29C1D7700FC00B4C838 /* MMDrawerController.swift */ = {isa = PBXFileReference; fileEncoding = 4; lastKnownFileType = sourcecode.swift; path = MMDrawerController.swift; sourceTree = "<group>"; };
		3D500DF11D6EA15500ACBD0D /* PrefixHeader.pch */ = {isa = PBXFileReference; lastKnownFileType = sourcecode.c.h; path = PrefixHeader.pch; sourceTree = "<group>"; };
		3D500DF21D6EE81C00ACBD0D /* Bridging-Header.h */ = {isa = PBXFileReference; lastKnownFileType = sourcecode.c.h; path = "Bridging-Header.h"; sourceTree = SOURCE_ROOT; };
		3DE486F41D65D11000819D04 /* 格斗东西Swift版本.app */ = {isa = PBXFileReference; explicitFileType = wrapper.application; includeInIndex = 0; path = "格斗东西Swift版本.app"; sourceTree = BUILT_PRODUCTS_DIR; };
		3DE486F71D65D11000819D04 /* AppDelegate.swift */ = {isa = PBXFileReference; lastKnownFileType = sourcecode.swift; path = AppDelegate.swift; sourceTree = "<group>"; };
		3DE486F91D65D11000819D04 /* ViewController.swift */ = {isa = PBXFileReference; lastKnownFileType = sourcecode.swift; path = ViewController.swift; sourceTree = "<group>"; };
		3DE486FC1D65D11000819D04 /* Base */ = {isa = PBXFileReference; lastKnownFileType = file.storyboard; name = Base; path = Base.lproj/Main.storyboard; sourceTree = "<group>"; };
		3DE486FE1D65D11000819D04 /* Assets.xcassets */ = {isa = PBXFileReference; lastKnownFileType = folder.assetcatalog; path = Assets.xcassets; sourceTree = "<group>"; };
		3DE487011D65D11000819D04 /* Base */ = {isa = PBXFileReference; lastKnownFileType = file.storyboard; name = Base; path = Base.lproj/LaunchScreen.storyboard; sourceTree = "<group>"; };
		3DE487031D65D11000819D04 /* Info.plist */ = {isa = PBXFileReference; lastKnownFileType = text.plist.xml; path = Info.plist; sourceTree = "<group>"; };
		3DE487081D65D11100819D04 /* 格斗东西Swift版本Tests.xctest */ = {isa = PBXFileReference; explicitFileType = wrapper.cfbundle; includeInIndex = 0; path = "格斗东西Swift版本Tests.xctest"; sourceTree = BUILT_PRODUCTS_DIR; };
		3DE4870C1D65D11100819D04 /* ____Swift__Tests.swift */ = {isa = PBXFileReference; lastKnownFileType = sourcecode.swift; path = "____Swift__Tests.swift"; sourceTree = "<group>"; };
		3DE4870E1D65D11100819D04 /* Info.plist */ = {isa = PBXFileReference; lastKnownFileType = text.plist.xml; path = Info.plist; sourceTree = "<group>"; };
		3DE487131D65D11100819D04 /* 格斗东西Swift版本UITests.xctest */ = {isa = PBXFileReference; explicitFileType = wrapper.cfbundle; includeInIndex = 0; path = "格斗东西Swift版本UITests.xctest"; sourceTree = BUILT_PRODUCTS_DIR; };
		3DE487171D65D11100819D04 /* ____Swift__UITests.swift */ = {isa = PBXFileReference; lastKnownFileType = sourcecode.swift; path = "____Swift__UITests.swift"; sourceTree = "<group>"; };
		3DE487191D65D11100819D04 /* Info.plist */ = {isa = PBXFileReference; lastKnownFileType = text.plist.xml; path = Info.plist; sourceTree = "<group>"; };
		3DE487291D65D3B000819D04 /* SliderViewController.swift */ = {isa = PBXFileReference; fileEncoding = 4; lastKnownFileType = sourcecode.swift; path = SliderViewController.swift; sourceTree = "<group>"; };
		3DE4872B1D65D3EE00819D04 /* MainViewController.swift */ = {isa = PBXFileReference; fileEncoding = 4; lastKnownFileType = sourcecode.swift; path = MainViewController.swift; sourceTree = "<group>"; };
		3DE4872D1D65D43100819D04 /* SliderManageController.swift */ = {isa = PBXFileReference; fileEncoding = 4; lastKnownFileType = sourcecode.swift; path = SliderManageController.swift; sourceTree = "<group>"; };
		3DE4872F1D65DD1000819D04 /* SliderViewController.xib */ = {isa = PBXFileReference; fileEncoding = 4; lastKnownFileType = file.xib; path = SliderViewController.xib; sourceTree = "<group>"; };
		3DEF91EA1D6EEF4D006E23F2 /* MacroDefinition.swift */ = {isa = PBXFileReference; fileEncoding = 4; lastKnownFileType = sourcecode.swift; path = MacroDefinition.swift; sourceTree = "<group>"; };
		3DEF91ED1D6F13B0006E23F2 /* UIColor+Extension.swift */ = {isa = PBXFileReference; fileEncoding = 4; lastKnownFileType = sourcecode.swift; path = "UIColor+Extension.swift"; sourceTree = "<group>"; };
/* End PBXFileReference section */

/* Begin PBXFrameworksBuildPhase section */
		3DE486F11D65D11000819D04 /* Frameworks */ = {
			isa = PBXFrameworksBuildPhase;
			buildActionMask = 2147483647;
			files = (
			);
			runOnlyForDeploymentPostprocessing = 0;
		};
		3DE487051D65D11100819D04 /* Frameworks */ = {
			isa = PBXFrameworksBuildPhase;
			buildActionMask = 2147483647;
			files = (
			);
			runOnlyForDeploymentPostprocessing = 0;
		};
		3DE487101D65D11100819D04 /* Frameworks */ = {
			isa = PBXFrameworksBuildPhase;
			buildActionMask = 2147483647;
			files = (
			);
			runOnlyForDeploymentPostprocessing = 0;
		};
/* End PBXFrameworksBuildPhase section */

/* Begin PBXGroup section */
		3D07C7781D6FF069002CA03A /* bean */ = {
			isa = PBXGroup;
			children = (
				3D07C7791D6FF08D002CA03A /* UserBean.swift */,
			);
			name = bean;
			sourceTree = "<group>";
		};
		3D11B29B1D7700CF00B4C838 /* MMDrawer */ = {
			isa = PBXGroup;
			children = (
				3D11B29C1D7700FC00B4C838 /* MMDrawerController.swift */,
			);
			name = MMDrawer;
			sourceTree = "<group>";
		};
		3DE486EB1D65D11000819D04 = {
			isa = PBXGroup;
			children = (
				3DE486F61D65D11000819D04 /* 格斗东西Swift版本 */,
				3DE4870B1D65D11100819D04 /* 格斗东西Swift版本Tests */,
				3DE487161D65D11100819D04 /* 格斗东西Swift版本UITests */,
				3DE486F51D65D11000819D04 /* Products */,
			);
			sourceTree = "<group>";
		};
		3DE486F51D65D11000819D04 /* Products */ = {
			isa = PBXGroup;
			children = (
				3DE486F41D65D11000819D04 /* 格斗东西Swift版本.app */,
				3DE487081D65D11100819D04 /* 格斗东西Swift版本Tests.xctest */,
				3DE487131D65D11100819D04 /* 格斗东西Swift版本UITests.xctest */,
			);
			name = Products;
			sourceTree = "<group>";
		};
		3DE486F61D65D11000819D04 /* 格斗东西Swift版本 */ = {
			isa = PBXGroup;
			children = (
				3D11B29B1D7700CF00B4C838 /* MMDrawer */,
				3D07C7781D6FF069002CA03A /* bean */,
				3DEF91EC1D6F0E41006E23F2 /* category */,
				3DE487251D65D27900819D04 /* 侧滑栏 */,
				3DE486F71D65D11000819D04 /* AppDelegate.swift */,
				3DE486F91D65D11000819D04 /* ViewController.swift */,
				3DE486FB1D65D11000819D04 /* Main.storyboard */,
				3DE486FE1D65D11000819D04 /* Assets.xcassets */,
				3DE487001D65D11000819D04 /* LaunchScreen.storyboard */,
				3DE487031D65D11000819D04 /* Info.plist */,
				3D500DF11D6EA15500ACBD0D /* PrefixHeader.pch */,
				3D500DF21D6EE81C00ACBD0D /* Bridging-Header.h */,
				3DEF91EA1D6EEF4D006E23F2 /* MacroDefinition.swift */,
			);
			path = "格斗东西Swift版本";
			sourceTree = "<group>";
		};
		3DE4870B1D65D11100819D04 /* 格斗东西Swift版本Tests */ = {
			isa = PBXGroup;
			children = (
				3DE4870C1D65D11100819D04 /* ____Swift__Tests.swift */,
				3DE4870E1D65D11100819D04 /* Info.plist */,
			);
			path = "格斗东西Swift版本Tests";
			sourceTree = "<group>";
		};
		3DE487161D65D11100819D04 /* 格斗东西Swift版本UITests */ = {
			isa = PBXGroup;
			children = (
				3DE487171D65D11100819D04 /* ____Swift__UITests.swift */,
				3DE487191D65D11100819D04 /* Info.plist */,
			);
			path = "格斗东西Swift版本UITests";
			sourceTree = "<group>";
		};
		3DE487251D65D27900819D04 /* 侧滑栏 */ = {
			isa = PBXGroup;
			children = (
				3DE487281D65D38E00819D04 /* Model */,
				3DE487271D65D38400819D04 /* View */,
				3DE487261D65D37300819D04 /* Controller */,
			);
			name = "侧滑栏";
			sourceTree = "<group>";
		};
		3DE487261D65D37300819D04 /* Controller */ = {
			isa = PBXGroup;
			children = (
				3DE487291D65D3B000819D04 /* SliderViewController.swift */,
				3DE4872F1D65DD1000819D04 /* SliderViewController.xib */,
				3DE4872D1D65D43100819D04 /* SliderManageController.swift */,
				3DE4872B1D65D3EE00819D04 /* MainViewController.swift */,
			);
			name = Controller;
			sourceTree = "<group>";
		};
		3DE487271D65D38400819D04 /* View */ = {
			isa = PBXGroup;
			children = (
			);
			name = View;
			sourceTree = "<group>";
		};
		3DE487281D65D38E00819D04 /* Model */ = {
			isa = PBXGroup;
			children = (
			);
			name = Model;
			sourceTree = "<group>";
		};
		3DEF91EC1D6F0E41006E23F2 /* category */ = {
			isa = PBXGroup;
			children = (
				3DEF91ED1D6F13B0006E23F2 /* UIColor+Extension.swift */,
			);
			name = category;
			sourceTree = "<group>";
		};
/* End PBXGroup section */

/* Begin PBXNativeTarget section */
		3DE486F31D65D11000819D04 /* 格斗东西Swift版本 */ = {
			isa = PBXNativeTarget;
			buildConfigurationList = 3DE4871C1D65D11100819D04 /* Build configuration list for PBXNativeTarget "格斗东西Swift版本" */;
			buildPhases = (
				3DE486F01D65D11000819D04 /* Sources */,
				3DE486F11D65D11000819D04 /* Frameworks */,
				3DE486F21D65D11000819D04 /* Resources */,
			);
			buildRules = (
			);
			dependencies = (
			);
			name = "格斗东西Swift版本";
			productName = "格斗东西Swift版本";
			productReference = 3DE486F41D65D11000819D04 /* 格斗东西Swift版本.app */;
			productType = "com.apple.product-type.application";
		};
		3DE487071D65D11100819D04 /* 格斗东西Swift版本Tests */ = {
			isa = PBXNativeTarget;
			buildConfigurationList = 3DE4871F1D65D11100819D04 /* Build configuration list for PBXNativeTarget "格斗东西Swift版本Tests" */;
			buildPhases = (
				3DE487041D65D11100819D04 /* Sources */,
				3DE487051D65D11100819D04 /* Frameworks */,
				3DE487061D65D11100819D04 /* Resources */,
			);
			buildRules = (
			);
			dependencies = (
				3DE4870A1D65D11100819D04 /* PBXTargetDependency */,
			);
			name = "格斗东西Swift版本Tests";
			productName = "格斗东西Swift版本Tests";
			productReference = 3DE487081D65D11100819D04 /* 格斗东西Swift版本Tests.xctest */;
			productType = "com.apple.product-type.bundle.unit-test";
		};
		3DE487121D65D11100819D04 /* 格斗东西Swift版本UITests */ = {
			isa = PBXNativeTarget;
			buildConfigurationList = 3DE487221D65D11100819D04 /* Build configuration list for PBXNativeTarget "格斗东西Swift版本UITests" */;
			buildPhases = (
				3DE4870F1D65D11100819D04 /* Sources */,
				3DE487101D65D11100819D04 /* Frameworks */,
				3DE487111D65D11100819D04 /* Resources */,
			);
			buildRules = (
			);
			dependencies = (
				3DE487151D65D11100819D04 /* PBXTargetDependency */,
			);
			name = "格斗东西Swift版本UITests";
			productName = "格斗东西Swift版本UITests";
			productReference = 3DE487131D65D11100819D04 /* 格斗东西Swift版本UITests.xctest */;
			productType = "com.apple.product-type.bundle.ui-testing";
		};
/* End PBXNativeTarget section */

/* Begin PBXProject section */
		3DE486EC1D65D11000819D04 /* Project object */ = {
			isa = PBXProject;
			attributes = {
				LastSwiftUpdateCheck = 0730;
				LastUpgradeCheck = 0730;
				ORGANIZATIONNAME = kang;
				TargetAttributes = {
					3DE486F31D65D11000819D04 = {
						CreatedOnToolsVersion = 7.3.1;
					};
					3DE487071D65D11100819D04 = {
						CreatedOnToolsVersion = 7.3.1;
						TestTargetID = 3DE486F31D65D11000819D04;
					};
					3DE487121D65D11100819D04 = {
						CreatedOnToolsVersion = 7.3.1;
						TestTargetID = 3DE486F31D65D11000819D04;
					};
				};
			};
			buildConfigurationList = 3DE486EF1D65D11000819D04 /* Build configuration list for PBXProject "格斗东西Swift版本" */;
			compatibilityVersion = "Xcode 3.2";
			developmentRegion = English;
			hasScannedForEncodings = 0;
			knownRegions = (
				en,
				Base,
			);
			mainGroup = 3DE486EB1D65D11000819D04;
			productRefGroup = 3DE486F51D65D11000819D04 /* Products */;
			projectDirPath = "";
			projectRoot = "";
			targets = (
				3DE486F31D65D11000819D04 /* 格斗东西Swift版本 */,
				3DE487071D65D11100819D04 /* 格斗东西Swift版本Tests */,
				3DE487121D65D11100819D04 /* 格斗东西Swift版本UITests */,
			);
		};
/* End PBXProject section */

/* Begin PBXResourcesBuildPhase section */
		3DE486F21D65D11000819D04 /* Resources */ = {
			isa = PBXResourcesBuildPhase;
			buildActionMask = 2147483647;
			files = (
				3DE487021D65D11000819D04 /* LaunchScreen.storyboard in Resources */,
				3DE486FF1D65D11000819D04 /* Assets.xcassets in Resources */,
				3DE486FD1D65D11000819D04 /* Main.storyboard in Resources */,
				3DE487301D65DD1000819D04 /* SliderViewController.xib in Resources */,
			);
			runOnlyForDeploymentPostprocessing = 0;
		};
		3DE487061D65D11100819D04 /* Resources */ = {
			isa = PBXResourcesBuildPhase;
			buildActionMask = 2147483647;
			files = (
			);
			runOnlyForDeploymentPostprocessing = 0;
		};
		3DE487111D65D11100819D04 /* Resources */ = {
			isa = PBXResourcesBuildPhase;
			buildActionMask = 2147483647;
			files = (
			);
			runOnlyForDeploymentPostprocessing = 0;
		};
/* End PBXResourcesBuildPhase section */

/* Begin PBXSourcesBuildPhase section */
		3DE486F01D65D11000819D04 /* Sources */ = {
			isa = PBXSourcesBuildPhase;
			buildActionMask = 2147483647;
			files = (
				3DE4872A1D65D3B000819D04 /* SliderViewController.swift in Sources */,
				3DE486FA1D65D11000819D04 /* ViewController.swift in Sources */,
				3DE486F81D65D11000819D04 /* AppDelegate.swift in Sources */,
				3D11B29D1D7700FC00B4C838 /* MMDrawerController.swift in Sources */,
				3DEF91EB1D6EEF4D006E23F2 /* MacroDefinition.swift in Sources */,
				3DE4872C1D65D3EE00819D04 /* MainViewController.swift in Sources */,
				3DEF91EE1D6F13B0006E23F2 /* UIColor+Extension.swift in Sources */,
				3D07C77A1D6FF08D002CA03A /* UserBean.swift in Sources */,
				3DE4872E1D65D43100819D04 /* SliderManageController.swift in Sources */,
			);
			runOnlyForDeploymentPostprocessing = 0;
		};
		3DE487041D65D11100819D04 /* Sources */ = {
			isa = PBXSourcesBuildPhase;
			buildActionMask = 2147483647;
			files = (
				3DE4870D1D65D11100819D04 /* ____Swift__Tests.swift in Sources */,
			);
			runOnlyForDeploymentPostprocessing = 0;
		};
		3DE4870F1D65D11100819D04 /* Sources */ = {
			isa = PBXSourcesBuildPhase;
			buildActionMask = 2147483647;
			files = (
				3DE487181D65D11100819D04 /* ____Swift__UITests.swift in Sources */,
			);
			runOnlyForDeploymentPostprocessing = 0;
		};
/* End PBXSourcesBuildPhase section */

/* Begin PBXTargetDependency section */
		3DE4870A1D65D11100819D04 /* PBXTargetDependency */ = {
			isa = PBXTargetDependency;
			target = 3DE486F31D65D11000819D04 /* 格斗东西Swift版本 */;
			targetProxy = 3DE487091D65D11100819D04 /* PBXContainerItemProxy */;
		};
		3DE487151D65D11100819D04 /* PBXTargetDependency */ = {
			isa = PBXTargetDependency;
			target = 3DE486F31D65D11000819D04 /* 格斗东西Swift版本 */;
			targetProxy = 3DE487141D65D11100819D04 /* PBXContainerItemProxy */;
		};
/* End PBXTargetDependency section */

/* Begin PBXVariantGroup section */
		3DE486FB1D65D11000819D04 /* Main.storyboard */ = {
			isa = PBXVariantGroup;
			children = (
				3DE486FC1D65D11000819D04 /* Base */,
			);
			name = Main.storyboard;
			sourceTree = "<group>";
		};
		3DE487001D65D11000819D04 /* LaunchScreen.storyboard */ = {
			isa = PBXVariantGroup;
			children = (
				3DE487011D65D11000819D04 /* Base */,
			);
			name = LaunchScreen.storyboard;
			sourceTree = "<group>";
		};
/* End PBXVariantGroup section */

/* Begin XCBuildConfiguration section */
		3DE4871A1D65D11100819D04 /* Debug */ = {
			isa = XCBuildConfiguration;
			buildSettings = {
				ALWAYS_SEARCH_USER_PATHS = NO;
				CLANG_ANALYZER_NONNULL = YES;
				CLANG_CXX_LANGUAGE_STANDARD = "gnu++0x";
				CLANG_CXX_LIBRARY = "libc++";
				CLANG_ENABLE_MODULES = YES;
				CLANG_ENABLE_OBJC_ARC = YES;
				CLANG_WARN_BOOL_CONVERSION = YES;
				CLANG_WARN_CONSTANT_CONVERSION = YES;
				CLANG_WARN_DIRECT_OBJC_ISA_USAGE = YES_ERROR;
				CLANG_WARN_EMPTY_BODY = YES;
				CLANG_WARN_ENUM_CONVERSION = YES;
				CLANG_WARN_INT_CONVERSION = YES;
				CLANG_WARN_OBJC_ROOT_CLASS = YES_ERROR;
				CLANG_WARN_UNREACHABLE_CODE = YES;
				CLANG_WARN__DUPLICATE_METHOD_MATCH = YES;
				"CODE_SIGN_IDENTITY[sdk=iphoneos*]" = "iPhone Developer";
				COPY_PHASE_STRIP = NO;
				DEBUG_INFORMATION_FORMAT = dwarf;
				ENABLE_STRICT_OBJC_MSGSEND = YES;
				ENABLE_TESTABILITY = YES;
				GCC_C_LANGUAGE_STANDARD = gnu99;
				GCC_DYNAMIC_NO_PIC = NO;
				GCC_NO_COMMON_BLOCKS = YES;
				GCC_OPTIMIZATION_LEVEL = 0;
				GCC_PREPROCESSOR_DEFINITIONS = (
					"DEBUG=1",
					"$(inherited)",
				);
				GCC_WARN_64_TO_32_BIT_CONVERSION = YES;
				GCC_WARN_ABOUT_RETURN_TYPE = YES_ERROR;
				GCC_WARN_UNDECLARED_SELECTOR = YES;
				GCC_WARN_UNINITIALIZED_AUTOS = YES_AGGRESSIVE;
				GCC_WARN_UNUSED_FUNCTION = YES;
				GCC_WARN_UNUSED_VARIABLE = YES;
				IPHONEOS_DEPLOYMENT_TARGET = 9.3;
				MTL_ENABLE_DEBUG_INFO = YES;
				ONLY_ACTIVE_ARCH = YES;
				SDKROOT = iphoneos;
				SWIFT_OPTIMIZATION_LEVEL = "-Onone";
				TARGETED_DEVICE_FAMILY = "1,2";
			};
			name = Debug;
		};
		3DE4871B1D65D11100819D04 /* Release */ = {
			isa = XCBuildConfiguration;
			buildSettings = {
				ALWAYS_SEARCH_USER_PATHS = NO;
				CLANG_ANALYZER_NONNULL = YES;
				CLANG_CXX_LANGUAGE_STANDARD = "gnu++0x";
				CLANG_CXX_LIBRARY = "libc++";
				CLANG_ENABLE_MODULES = YES;
				CLANG_ENABLE_OBJC_ARC = YES;
				CLANG_WARN_BOOL_CONVERSION = YES;
				CLANG_WARN_CONSTANT_CONVERSION = YES;
				CLANG_WARN_DIRECT_OBJC_ISA_USAGE = YES_ERROR;
				CLANG_WARN_EMPTY_BODY = YES;
				CLANG_WARN_ENUM_CONVERSION = YES;
				CLANG_WARN_INT_CONVERSION = YES;
				CLANG_WARN_OBJC_ROOT_CLASS = YES_ERROR;
				CLANG_WARN_UNREACHABLE_CODE = YES;
				CLANG_WARN__DUPLICATE_METHOD_MATCH = YES;
				"CODE_SIGN_IDENTITY[sdk=iphoneos*]" = "iPhone Developer";
				COPY_PHASE_STRIP = NO;
				DEBUG_INFORMATION_FORMAT = "dwarf-with-dsym";
				ENABLE_NS_ASSERTIONS = NO;
				ENABLE_STRICT_OBJC_MSGSEND = YES;
				GCC_C_LANGUAGE_STANDARD = gnu99;
				GCC_DYNAMIC_NO_PIC = NO;
				GCC_NO_COMMON_BLOCKS = YES;
				GCC_WARN_64_TO_32_BIT_CONVERSION = YES;
				GCC_WARN_ABOUT_RETURN_TYPE = YES_ERROR;
				GCC_WARN_UNDECLARED_SELECTOR = YES;
				GCC_WARN_UNINITIALIZED_AUTOS = YES_AGGRESSIVE;
				GCC_WARN_UNUSED_FUNCTION = YES;
				GCC_WARN_UNUSED_VARIABLE = YES;
				IPHONEOS_DEPLOYMENT_TARGET = 9.3;
				MTL_ENABLE_DEBUG_INFO = NO;
				SDKROOT = iphoneos;
				TARGETED_DEVICE_FAMILY = "1,2";
				VALIDATE_PRODUCT = YES;
			};
			name = Release;
		};
		3DE4871D1D65D11100819D04 /* Debug */ = {
			isa = XCBuildConfiguration;
			buildSettings = {
				ASSETCATALOG_COMPILER_APPICON_NAME = AppIcon;
				INFOPLIST_FILE = "格斗东西Swift版本/Info.plist";
				LD_RUNPATH_SEARCH_PATHS = "$(inherited) @executable_path/Frameworks";
				New_Setting = "";
				PRODUCT_BUNDLE_IDENTIFIER = kang.com.fightSwift;
				PRODUCT_NAME = "$(TARGET_NAME)";
				SWIFT_OBJC_BRIDGING_HEADER = "Bridging-Header.h";
			};
			name = Debug;
		};
		3DE4871E1D65D11100819D04 /* Release */ = {
			isa = XCBuildConfiguration;
			buildSettings = {
				ASSETCATALOG_COMPILER_APPICON_NAME = AppIcon;
				INFOPLIST_FILE = "格斗东西Swift版本/Info.plist";
				LD_RUNPATH_SEARCH_PATHS = "$(inherited) @executable_path/Frameworks";
				New_Setting = "";
				PRODUCT_BUNDLE_IDENTIFIER = kang.com.fightSwift;
				PRODUCT_NAME = "$(TARGET_NAME)";
				SWIFT_OBJC_BRIDGING_HEADER = "Bridging-Header.h";
			};
			name = Release;
		};
		3DE487201D65D11100819D04 /* Debug */ = {
			isa = XCBuildConfiguration;
			buildSettings = {
				BUNDLE_LOADER = "$(TEST_HOST)";
				INFOPLIST_FILE = "格斗东西Swift版本Tests/Info.plist";
				LD_RUNPATH_SEARCH_PATHS = "$(inherited) @executable_path/Frameworks @loader_path/Frameworks";
				PRODUCT_BUNDLE_IDENTIFIER = "kang.com.----Swift--Tests";
				PRODUCT_NAME = "$(TARGET_NAME)";
				TEST_HOST = "$(BUILT_PRODUCTS_DIR)/格斗东西Swift版本.app/格斗东西Swift版本";
			};
			name = Debug;
		};
		3DE487211D65D11100819D04 /* Release */ = {
			isa = XCBuildConfiguration;
			buildSettings = {
				BUNDLE_LOADER = "$(TEST_HOST)";
				INFOPLIST_FILE = "格斗东西Swift版本Tests/Info.plist";
				LD_RUNPATH_SEARCH_PATHS = "$(inherited) @executable_path/Frameworks @loader_path/Frameworks";
				PRODUCT_BUNDLE_IDENTIFIER = "kang.com.----Swift--Tests";
				PRODUCT_NAME = "$(TARGET_NAME)";
				TEST_HOST = "$(BUILT_PRODUCTS_DIR)/格斗东西Swift版本.app/格斗东西Swift版本";
			};
			name = Release;
		};
		3DE487231D65D11100819D04 /* Debug */ = {
			isa = XCBuildConfiguration;
			buildSettings = {
				INFOPLIST_FILE = "格斗东西Swift版本UITests/Info.plist";
				LD_RUNPATH_SEARCH_PATHS = "$(inherited) @executable_path/Frameworks @loader_path/Frameworks";
				PRODUCT_BUNDLE_IDENTIFIER = "kang.com.----Swift--UITests";
				PRODUCT_NAME = "$(TARGET_NAME)";
				TEST_TARGET_NAME = "格斗东西Swift版本";
			};
			name = Debug;
		};
		3DE487241D65D11100819D04 /* Release */ = {
			isa = XCBuildConfiguration;
			buildSettings = {
				INFOPLIST_FILE = "格斗东西Swift版本UITests/Info.plist";
				LD_RUNPATH_SEARCH_PATHS = "$(inherited) @executable_path/Frameworks @loader_path/Frameworks";
				PRODUCT_BUNDLE_IDENTIFIER = "kang.com.----Swift--UITests";
				PRODUCT_NAME = "$(TARGET_NAME)";
				TEST_TARGET_NAME = "格斗东西Swift版本";
			};
			name = Release;
		};
/* End XCBuildConfiguration section */

/* Begin XCConfigurationList section */
		3DE486EF1D65D11000819D04 /* Build configuration list for PBXProject "格斗东西Swift版本" */ = {
			isa = XCConfigurationList;
			buildConfigurations = (
				3DE4871A1D65D11100819D04 /* Debug */,
				3DE4871B1D65D11100819D04 /* Release */,
			);
			defaultConfigurationIsVisible = 0;
			defaultConfigurationName = Release;
		};
		3DE4871C1D65D11100819D04 /* Build configuration list for PBXNativeTarget "格斗东西Swift版本" */ = {
			isa = XCConfigurationList;
			buildConfigurations = (
				3DE4871D1D65D11100819D04 /* Debug */,
				3DE4871E1D65D11100819D04 /* Release */,
			);
			defaultConfigurationIsVisible = 0;
			defaultConfigurationName = Release;
		};
		3DE4871F1D65D11100819D04 /* Build configuration list for PBXNativeTarget "格斗东西Swift版本Tests" */ = {
			isa = XCConfigurationList;
			buildConfigurations = (
				3DE487201D65D11100819D04 /* Debug */,
				3DE487211D65D11100819D04 /* Release */,
			);
			defaultConfigurationIsVisible = 0;
			defaultConfigurationName = Release;
		};
		3DE487221D65D11100819D04 /* Build configuration list for PBXNativeTarget "格斗东西Swift版本UITests" */ = {
			isa = XCConfigurationList;
			buildConfigurations = (
				3DE487231D65D11100819D04 /* Debug */,
				3DE487241D65D11100819D04 /* Release */,
			);
			defaultConfigurationIsVisible = 0;
			defaultConfigurationName = Release;
		};
/* End XCConfigurationList section */
	};
	rootObject = 3DE486EC1D65D11000819D04 /* Project object */;
}
